
Microsoft Visual Studio Solution File, Format Version 12.00
# Visual Studio Version 16
VisualStudioVersion = 16.0.28803.352
MinimumVisualStudioVersion = 10.0.40219.1
Project("{FAE04EC0-301F-11D3-BF4B-00C04F79EFBC}") = "Fib", "Fib\Fib.csproj", "{0BA4D37D-D7AB-4B96-A035-F8F265D673A6}"
EndProject
Project("{FAE04EC0-301F-11D3-BF4B-00C04F79EFBC}") = "FibTest", "FibTest\FibTest.csproj", "{B55F0AB8-1F16-4D08-8D8A-0972EBD94CED}"
EndProject
Global
	GlobalSection(SolutionConfigurationPlatforms) = preSolution
		Debug|Any CPU = Debug|Any CPU
		Release|Any CPU = Release|Any CPU
	EndGlobalSection
	GlobalSection(ProjectConfigurationPlatforms) = postSolution
		{0BA4D37D-D7AB-4B96-A035-F8F265D673A6}.Debug|Any CPU.ActiveCfg = Debug|Any CPU
		{0BA4D37D-D7AB-4B96-A035-F8F265D673A6}.Debug|Any CPU.Build.0 = Debug|Any CPU
		{0BA4D37D-D7AB-4B96-A035-F8F265D673A6}.Release|Any CPU.ActiveCfg = Release|Any CPU
		{0BA4D37D-D7AB-4B96-A035-F8F265D673A6}.Release|Any CPU.Build.0 = Release|Any CPU
		{B55F0AB8-1F16-4D08-8D8A-0972EBD94CED}.Debug|Any CPU.ActiveCfg = Debug|Any CPU
		{B55F0AB8-1F16-4D08-8D8A-0972EBD94CED}.Debug|Any CPU.Build.0 = Debug|Any CPU
		{B55F0AB8-1F16-4D08-8D8A-0972EBD94CED}.Release|Any CPU.ActiveCfg = Release|Any CPU
		{B55F0AB8-1F16-4D08-8D8A-0972EBD94CED}.Release|Any CPU.Build.0 = Release|Any CPU
	EndGlobalSection
	GlobalSection(SolutionProperties) = preSolution
		HideSolutionNode = FALSE
	EndGlobalSection
	GlobalSection(ExtensibilityGlobals) = postSolution
		SolutionGuid = {0452253A-AAFD-4590-8FCB-9076C7E1DA4C}
	EndGlobalSection
EndGlobal
